PODS:
  - Toaster (2.2.0.0)
  - ZappPlugins (7.2.3)

DEPENDENCIES:
  - Toaster
  - ZappPlugins (from `Submodules/ZappPlugins/ZappPlugins-Dev.podspec`)

SPEC REPOS:
  "git@github.com:applicaster/CocoaPods.git":
    - Toaster

EXTERNAL SOURCES:
  ZappPlugins:
    :path: Submodules/ZappPlugins/ZappPlugins-Dev.podspec

SPEC CHECKSUMS:
  Toaster: 7464b87db5bd9453043bd3cf0fc79219cc9803f1
  ZappPlugins: c6973d69fb0f049f724bcf864bfba930fa76761b

PODFILE CHECKSUM: 2a5dd05e4b85ce1c1a4798ecb2001af212ec805b

COCOAPODS: 1.5.3
