PODS:
  - ZappCore (0.1.5)
  - ZappPlugins (11.0.1):
    - ZappCore

DEPENDENCIES:
  - ZappPlugins (~> 11.0.1)

SPEC REPOS:
  "git@github.com:applicaster/CocoaPods.git":
    - ZappCore
    - ZappPlugins

SPEC CHECKSUMS:
  ZappCore: 25908b99a27d3daace5d5b134ff1f911c4ed1782
  ZappPlugins: ad8f40a78d89481cf5dc69041fad340b7b62d88d

PODFILE CHECKSUM: d1b8945c4dd132addf5706b22aef94b65bbf7568

COCOAPODS: 1.7.5
