PODS:
  - Toaster (2.2.0.0)
  - ZappPlugins (7.1.9)

DEPENDENCIES:
  - Toaster
  - ZappPlugins (from `../ZappPlugins-iOS/ZappPlugins-Dev.podspec`)

SPEC REPOS:
  "git@github.com:applicaster/CocoaPods.git":
    - Toaster

EXTERNAL SOURCES:
  ZappPlugins:
    :path: "../ZappPlugins-iOS/ZappPlugins-Dev.podspec"

SPEC CHECKSUMS:
  Toaster: 7464b87db5bd9453043bd3cf0fc79219cc9803f1
  ZappPlugins: 10198915bd438d9d32dfde342f5bbc5786a3063a

PODFILE CHECKSUM: 6987e920c3055b8156fa2974da1b9887913165d5

COCOAPODS: 1.5.3
