# THIS IS AN AUTOGENERATED FILE. DO NOT EDIT THIS FILE DIRECTLY.
# yarn lockfile v1


"@applicaster/zapp-core@0.13.9":
  version "0.13.9"
  resolved "https://registry.yarnpkg.com/@applicaster/zapp-core/-/zapp-core-0.13.9.tgz#e8ac9270a44c5ffd658eaf6a298ef250c1d7d934"
  integrity sha512-4rGGT4N84x8wvoBYpcA+jnHWYsIOggp7zB+0nNXuCvr/4FT7qzcJqim1p8OJylLflgOa96J6jMjxqN5LAxteCQ==

lodash@^4.17.19:
  version "4.17.20"
  resolved "https://registry.yarnpkg.com/lodash/-/lodash-4.17.20.tgz#b44a9b6297bcb698f1c51a3545a2b3b368d59c52"
  integrity sha512-PlhdFcillOINfeV7Ni6oF1TAEayyZBoZ8bcshTHqOYJYlrqzRK5hagpagky5o4HfCzzd1TRkXPMFq6cKk9rGmA==
